
Microsoft Visual Studio Solution File, Format Version 12.00
# Visual Studio Version 17
VisualStudioVersion = 17.5.33530.505
MinimumVisualStudioVersion = 10.0.40219.1
Project("{FAE04EC0-301F-11D3-BF4B-00C04F79EFBC}") = "ALP_Tim1_Nathan", "ALP_Tim1_Nathan\ALP_Tim1_Nathan.csproj", "{9F379293-3863-4234-9D47-D1EFD26CAE58}"
EndProject
Global
	GlobalSection(SolutionConfigurationPlatforms) = preSolution
		Debug|Any CPU = Debug|Any CPU
		Release|Any CPU = Release|Any CPU
	EndGlobalSection
	GlobalSection(ProjectConfigurationPlatforms) = postSolution
		{9F379293-3863-4234-9D47-D1EFD26CAE58}.Debug|Any CPU.ActiveCfg = Debug|Any CPU
		{9F379293-3863-4234-9D47-D1EFD26CAE58}.Debug|Any CPU.Build.0 = Debug|Any CPU
		{9F379293-3863-4234-9D47-D1EFD26CAE58}.Release|Any CPU.ActiveCfg = Release|Any CPU
		{9F379293-3863-4234-9D47-D1EFD26CAE58}.Release|Any CPU.Build.0 = Release|Any CPU
	EndGlobalSection
	GlobalSection(SolutionProperties) = preSolution
		HideSolutionNode = FALSE
	EndGlobalSection
	GlobalSection(ExtensibilityGlobals) = postSolution
		SolutionGuid = {24065AE1-924B-4D2A-B6BB-133DEDF9027A}
	EndGlobalSection
EndGlobal
